// !$*UTF8*$!
{
	archiveVersion = 1;
	classes = {
	};
	objectVersion = 50;
	objects = {

/* Begin PBXBuildFile section */
		7288C4B327FB5287000A660A /* University.swift in Sources */ = {isa = PBXBuildFile; fileRef = 7288C4B227FB5287000A660A /* University.swift */; };
		7288C4B527FB5374000A660A /* UniversityListViewModel.swift in Sources */ = {isa = PBXBuildFile; fileRef = 7288C4B427FB5374000A660A /* UniversityListViewModel.swift */; };
		7288C4B827FC7D8D000A660A /* UniversityListView.swift in Sources */ = {isa = PBXBuildFile; fileRef = 7288C4B727FC7D8C000A660A /* UniversityListView.swift */; };
		7288C4BA27FC81DC000A660A /* UniversityCellView.swift in Sources */ = {isa = PBXBuildFile; fileRef = 7288C4B927FC81DC000A660A /* UniversityCellView.swift */; };
		7288C4BD27FC838C000A660A /* Double+Extensions.swift in Sources */ = {isa = PBXBuildFile; fileRef = 7288C4BC27FC838C000A660A /* Double+Extensions.swift */; };
		72E5C18627FA2EE7001528D2 /* FilteringDataApp.swift in Sources */ = {isa = PBXBuildFile; fileRef = 72E5C18527FA2EE7001528D2 /* FilteringDataApp.swift */; };
		72E5C18827FA2EE7001528D2 /* ContentView.swift in Sources */ = {isa = PBXBuildFile; fileRef = 72E5C18727FA2EE7001528D2 /* ContentView.swift */; };
		72E5C18A27FA2EEC001528D2 /* Assets.xcassets in Resources */ = {isa = PBXBuildFile; fileRef = 72E5C18927FA2EEC001528D2 /* Assets.xcassets */; };
		72E5C18D27FA2EEC001528D2 /* Preview Assets.xcassets in Resources */ = {isa = PBXBuildFile; fileRef = 72E5C18C27FA2EEC001528D2 /* Preview Assets.xcassets */; };
		72E5C19727FA308A001528D2 /* Webservice.swift in Sources */ = {isa = PBXBuildFile; fileRef = 72E5C19627FA308A001528D2 /* Webservice.swift */; };
		72EEC44A27FB37E300DBF8F8 /* Constants.swift in Sources */ = {isa = PBXBuildFile; fileRef = 72EEC44927FB37E300DBF8F8 /* Constants.swift */; };
/* End PBXBuildFile section */

/* Begin PBXFileReference section */
		7288C4B227FB5287000A660A /* University.swift */ = {isa = PBXFileReference; lastKnownFileType = sourcecode.swift; path = University.swift; sourceTree = "<group>"; };
		7288C4B427FB5374000A660A /* UniversityListViewModel.swift */ = {isa = PBXFileReference; lastKnownFileType = sourcecode.swift; path = UniversityListViewModel.swift; sourceTree = "<group>"; };
		7288C4B727FC7D8C000A660A /* UniversityListView.swift */ = {isa = PBXFileReference; lastKnownFileType = sourcecode.swift; path = UniversityListView.swift; sourceTree = "<group>"; };
		7288C4B927FC81DC000A660A /* UniversityCellView.swift */ = {isa = PBXFileReference; lastKnownFileType = sourcecode.swift; path = UniversityCellView.swift; sourceTree = "<group>"; };
		7288C4BC27FC838C000A660A /* Double+Extensions.swift */ = {isa = PBXFileReference; lastKnownFileType = sourcecode.swift; path = "Double+Extensions.swift"; sourceTree = "<group>"; };
		72E5C18227FA2EE7001528D2 /* FilteringData.app */ = {isa = PBXFileReference; explicitFileType = wrapper.application; includeInIndex = 0; path = FilteringData.app; sourceTree = BUILT_PRODUCTS_DIR; };
		72E5C18527FA2EE7001528D2 /* FilteringDataApp.swift */ = {isa = PBXFileReference; lastKnownFileType = sourcecode.swift; path = FilteringDataApp.swift; sourceTree = "<group>"; };
		72E5C18727FA2EE7001528D2 /* ContentView.swift */ = {isa = PBXFileReference; lastKnownFileType = sourcecode.swift; path = ContentView.swift; sourceTree = "<group>"; };
		72E5C18927FA2EEC001528D2 /* Assets.xcassets */ = {isa = PBXFileReference; lastKnownFileType = folder.assetcatalog; path = Assets.xcassets; sourceTree = "<group>"; };
		72E5C18C27FA2EEC001528D2 /* Preview Assets.xcassets */ = {isa = PBXFileReference; lastKnownFileType = folder.assetcatalog; path = "Preview Assets.xcassets"; sourceTree = "<group>"; };
		72E5C18E27FA2EEC001528D2 /* Info.plist */ = {isa = PBXFileReference; lastKnownFileType = text.plist.xml; path = Info.plist; sourceTree = "<group>"; };
		72E5C19627FA308A001528D2 /* Webservice.swift */ = {isa = PBXFileReference; lastKnownFileType = sourcecode.swift; path = Webservice.swift; sourceTree = "<group>"; };
		72EEC44927FB37E300DBF8F8 /* Constants.swift */ = {isa = PBXFileReference; lastKnownFileType = sourcecode.swift; path = Constants.swift; sourceTree = "<group>"; };
/* End PBXFileReference section */

/* Begin PBXFrameworksBuildPhase section */
		72E5C17F27FA2EE7001528D2 /* Frameworks */ = {
			isa = PBXFrameworksBuildPhase;
			buildActionMask = 2147483647;
			files = (
			);
			runOnlyForDeploymentPostprocessing = 0;
		};
/* End PBXFrameworksBuildPhase section */

/* Begin PBXGroup section */
		7288C4B627FC7BFE000A660A /* View */ = {
			isa = PBXGroup;
			children = (
				72E5C18727FA2EE7001528D2 /* ContentView.swift */,
				7288C4B727FC7D8C000A660A /* UniversityListView.swift */,
				7288C4B927FC81DC000A660A /* UniversityCellView.swift */,
			);
			path = View;
			sourceTree = "<group>";
		};
		7288C4BB27FC836D000A660A /* Extensions */ = {
			isa = PBXGroup;
			children = (
				7288C4BC27FC838C000A660A /* Double+Extensions.swift */,
			);
			path = Extensions;
			sourceTree = "<group>";
		};
		72E5C17927FA2EE7001528D2 = {
			isa = PBXGroup;
			children = (
				72E5C18427FA2EE7001528D2 /* FilteringData */,
				72E5C18327FA2EE7001528D2 /* Products */,
			);
			sourceTree = "<group>";
		};
		72E5C18327FA2EE7001528D2 /* Products */ = {
			isa = PBXGroup;
			children = (
				72E5C18227FA2EE7001528D2 /* FilteringData.app */,
			);
			name = Products;
			sourceTree = "<group>";
		};
		72E5C18427FA2EE7001528D2 /* FilteringData */ = {
			isa = PBXGroup;
			children = (
				72E5C18527FA2EE7001528D2 /* FilteringDataApp.swift */,
				72E5C19927FA30F9001528D2 /* Model */,
				7288C4B627FC7BFE000A660A /* View */,
				72EEC44527FB371200DBF8F8 /* ViewModel */,
				72EEC44827FB37D500DBF8F8 /* Utils */,
				7288C4BB27FC836D000A660A /* Extensions */,
				72E5C19527FA3073001528D2 /* Services */,
				72E5C18927FA2EEC001528D2 /* Assets.xcassets */,
				72E5C18E27FA2EEC001528D2 /* Info.plist */,
				72E5C18B27FA2EEC001528D2 /* Preview Content */,
			);
			path = FilteringData;
			sourceTree = "<group>";
		};
		72E5C18B27FA2EEC001528D2 /* Preview Content */ = {
			isa = PBXGroup;
			children = (
				72E5C18C27FA2EEC001528D2 /* Preview Assets.xcassets */,
			);
			path = "Preview Content";
			sourceTree = "<group>";
		};
		72E5C19527FA3073001528D2 /* Services */ = {
			isa = PBXGroup;
			children = (
				72E5C19627FA308A001528D2 /* Webservice.swift */,
			);
			path = Services;
			sourceTree = "<group>";
		};
		72E5C19927FA30F9001528D2 /* Model */ = {
			isa = PBXGroup;
			children = (
				7288C4B227FB5287000A660A /* University.swift */,
			);
			path = Model;
			sourceTree = "<group>";
		};
		72EEC44527FB371200DBF8F8 /* ViewModel */ = {
			isa = PBXGroup;
			children = (
				7288C4B427FB5374000A660A /* UniversityListViewModel.swift */,
			);
			path = ViewModel;
			sourceTree = "<group>";
		};
		72EEC44827FB37D500DBF8F8 /* Utils */ = {
			isa = PBXGroup;
			children = (
				72EEC44927FB37E300DBF8F8 /* Constants.swift */,
			);
			path = Utils;
			sourceTree = "<group>";
		};
/* End PBXGroup section */

/* Begin PBXNativeTarget section */
		72E5C18127FA2EE7001528D2 /* FilteringData */ = {
			isa = PBXNativeTarget;
			buildConfigurationList = 72E5C19127FA2EEC001528D2 /* Build configuration list for PBXNativeTarget "FilteringData" */;
			buildPhases = (
				72E5C17E27FA2EE7001528D2 /* Sources */,
				72E5C17F27FA2EE7001528D2 /* Frameworks */,
				72E5C18027FA2EE7001528D2 /* Resources */,
			);
			buildRules = (
			);
			dependencies = (
			);
			name = FilteringData;
			productName = FilteringData;
			productReference = 72E5C18227FA2EE7001528D2 /* FilteringData.app */;
			productType = "com.apple.product-type.application";
		};
/* End PBXNativeTarget section */

/* Begin PBXProject section */
		72E5C17A27FA2EE7001528D2 /* Project object */ = {
			isa = PBXProject;
			attributes = {
				LastSwiftUpdateCheck = 1240;
				LastUpgradeCheck = 1240;
				TargetAttributes = {
					72E5C18127FA2EE7001528D2 = {
						CreatedOnToolsVersion = 12.4;
					};
				};
			};
			buildConfigurationList = 72E5C17D27FA2EE7001528D2 /* Build configuration list for PBXProject "FilteringData" */;
			compatibilityVersion = "Xcode 9.3";
			developmentRegion = en;
			hasScannedForEncodings = 0;
			knownRegions = (
				en,
				Base,
			);
			mainGroup = 72E5C17927FA2EE7001528D2;
			productRefGroup = 72E5C18327FA2EE7001528D2 /* Products */;
			projectDirPath = "";
			projectRoot = "";
			targets = (
				72E5C18127FA2EE7001528D2 /* FilteringData */,
			);
		};
/* End PBXProject section */

/* Begin PBXResourcesBuildPhase section */
		72E5C18027FA2EE7001528D2 /* Resources */ = {
			isa = PBXResourcesBuildPhase;
			buildActionMask = 2147483647;
			files = (
				72E5C18D27FA2EEC001528D2 /* Preview Assets.xcassets in Resources */,
				72E5C18A27FA2EEC001528D2 /* Assets.xcassets in Resources */,
			);
			runOnlyForDeploymentPostprocessing = 0;
		};
/* End PBXResourcesBuildPhase section */

/* Begin PBXSourcesBuildPhase section */
		72E5C17E27FA2EE7001528D2 /* Sources */ = {
			isa = PBXSourcesBuildPhase;
			buildActionMask = 2147483647;
			files = (
				7288C4BA27FC81DC000A660A /* UniversityCellView.swift in Sources */,
				72E5C18827FA2EE7001528D2 /* ContentView.swift in Sources */,
				72E5C18627FA2EE7001528D2 /* FilteringDataApp.swift in Sources */,
				7288C4BD27FC838C000A660A /* Double+Extensions.swift in Sources */,
				7288C4B827FC7D8D000A660A /* UniversityListView.swift in Sources */,
				7288C4B527FB5374000A660A /* UniversityListViewModel.swift in Sources */,
				72E5C19727FA308A001528D2 /* Webservice.swift in Sources */,
				72EEC44A27FB37E300DBF8F8 /* Constants.swift in Sources */,
				7288C4B327FB5287000A660A /* University.swift in Sources */,
			);
			runOnlyForDeploymentPostprocessing = 0;
		};
/* End PBXSourcesBuildPhase section */

/* Begin XCBuildConfiguration section */
		72E5C18F27FA2EEC001528D2 /* Debug */ = {
			isa = XCBuildConfiguration;
			buildSettings = {
				ALWAYS_SEARCH_USER_PATHS = NO;
				CLANG_ANALYZER_NONNULL = YES;
				CLANG_ANALYZER_NUMBER_OBJECT_CONVERSION = YES_AGGRESSIVE;
				CLANG_CXX_LANGUAGE_STANDARD = "gnu++14";
				CLANG_CXX_LIBRARY = "libc++";
				CLANG_ENABLE_MODULES = YES;
				CLANG_ENABLE_OBJC_ARC = YES;
				CLANG_ENABLE_OBJC_WEAK = YES;
				CLANG_WARN_BLOCK_CAPTURE_AUTORELEASING = YES;
				CLANG_WARN_BOOL_CONVERSION = YES;
				CLANG_WARN_COMMA = YES;
				CLANG_WARN_CONSTANT_CONVERSION = YES;
				CLANG_WARN_DEPRECATED_OBJC_IMPLEMENTATIONS = YES;
				CLANG_WARN_DIRECT_OBJC_ISA_USAGE = YES_ERROR;
				CLANG_WARN_DOCUMENTATION_COMMENTS = YES;
				CLANG_WARN_EMPTY_BODY = YES;
				CLANG_WARN_ENUM_CONVERSION = YES;
				CLANG_WARN_INFINITE_RECURSION = YES;
				CLANG_WARN_INT_CONVERSION = YES;
				CLANG_WARN_NON_LITERAL_NULL_CONVERSION = YES;
				CLANG_WARN_OBJC_IMPLICIT_RETAIN_SELF = YES;
				CLANG_WARN_OBJC_LITERAL_CONVERSION = YES;
				CLANG_WARN_OBJC_ROOT_CLASS = YES_ERROR;
				CLANG_WARN_QUOTED_INCLUDE_IN_FRAMEWORK_HEADER = YES;
				CLANG_WARN_RANGE_LOOP_ANALYSIS = YES;
				CLANG_WARN_STRICT_PROTOTYPES = YES;
				CLANG_WARN_SUSPICIOUS_MOVE = YES;
				CLANG_WARN_UNGUARDED_AVAILABILITY = YES_AGGRESSIVE;
				CLANG_WARN_UNREACHABLE_CODE = YES;
				CLANG_WARN__DUPLICATE_METHOD_MATCH = YES;
				COPY_PHASE_STRIP = NO;
				DEBUG_INFORMATION_FORMAT = dwarf;
				ENABLE_STRICT_OBJC_MSGSEND = YES;
				ENABLE_TESTABILITY = YES;
				GCC_C_LANGUAGE_STANDARD = gnu11;
				GCC_DYNAMIC_NO_PIC = NO;
				GCC_NO_COMMON_BLOCKS = YES;
				GCC_OPTIMIZATION_LEVEL = 0;
				GCC_PREPROCESSOR_DEFINITIONS = (
					"DEBUG=1",
					"$(inherited)",
				);
				GCC_WARN_64_TO_32_BIT_CONVERSION = YES;
				GCC_WARN_ABOUT_RETURN_TYPE = YES_ERROR;
				GCC_WARN_UNDECLARED_SELECTOR = YES;
				GCC_WARN_UNINITIALIZED_AUTOS = YES_AGGRESSIVE;
				GCC_WARN_UNUSED_FUNCTION = YES;
				GCC_WARN_UNUSED_VARIABLE = YES;
				IPHONEOS_DEPLOYMENT_TARGET = 14.4;
				MTL_ENABLE_DEBUG_INFO = INCLUDE_SOURCE;
				MTL_FAST_MATH = YES;
				ONLY_ACTIVE_ARCH = YES;
				SDKROOT = iphoneos;
				SWIFT_ACTIVE_COMPILATION_CONDITIONS = DEBUG;
				SWIFT_OPTIMIZATION_LEVEL = "-Onone";
			};
			name = Debug;
		};
		72E5C19027FA2EEC001528D2 /* Release */ = {
			isa = XCBuildConfiguration;
			buildSettings = {
				ALWAYS_SEARCH_USER_PATHS = NO;
				CLANG_ANALYZER_NONNULL = YES;
				CLANG_ANALYZER_NUMBER_OBJECT_CONVERSION = YES_AGGRESSIVE;
				CLANG_CXX_LANGUAGE_STANDARD = "gnu++14";
				CLANG_CXX_LIBRARY = "libc++";
				CLANG_ENABLE_MODULES = YES;
				CLANG_ENABLE_OBJC_ARC = YES;
				CLANG_ENABLE_OBJC_WEAK = YES;
				CLANG_WARN_BLOCK_CAPTURE_AUTORELEASING = YES;
				CLANG_WARN_BOOL_CONVERSION = YES;
				CLANG_WARN_COMMA = YES;
				CLANG_WARN_CONSTANT_CONVERSION = YES;
				CLANG_WARN_DEPRECATED_OBJC_IMPLEMENTATIONS = YES;
				CLANG_WARN_DIRECT_OBJC_ISA_USAGE = YES_ERROR;
				CLANG_WARN_DOCUMENTATION_COMMENTS = YES;
				CLANG_WARN_EMPTY_BODY = YES;
				CLANG_WARN_ENUM_CONVERSION = YES;
				CLANG_WARN_INFINITE_RECURSION = YES;
				CLANG_WARN_INT_CONVERSION = YES;
				CLANG_WARN_NON_LITERAL_NULL_CONVERSION = YES;
				CLANG_WARN_OBJC_IMPLICIT_RETAIN_SELF = YES;
				CLANG_WARN_OBJC_LITERAL_CONVERSION = YES;
				CLANG_WARN_OBJC_ROOT_CLASS = YES_ERROR;
				CLANG_WARN_QUOTED_INCLUDE_IN_FRAMEWORK_HEADER = YES;
				CLANG_WARN_RANGE_LOOP_ANALYSIS = YES;
				CLANG_WARN_STRICT_PROTOTYPES = YES;
				CLANG_WARN_SUSPICIOUS_MOVE = YES;
				CLANG_WARN_UNGUARDED_AVAILABILITY = YES_AGGRESSIVE;
				CLANG_WARN_UNREACHABLE_CODE = YES;
				CLANG_WARN__DUPLICATE_METHOD_MATCH = YES;
				COPY_PHASE_STRIP = NO;
				DEBUG_INFORMATION_FORMAT = "dwarf-with-dsym";
				ENABLE_NS_ASSERTIONS = NO;
				ENABLE_STRICT_OBJC_MSGSEND = YES;
				GCC_C_LANGUAGE_STANDARD = gnu11;
				GCC_NO_COMMON_BLOCKS = YES;
				GCC_WARN_64_TO_32_BIT_CONVERSION = YES;
				GCC_WARN_ABOUT_RETURN_TYPE = YES_ERROR;
				GCC_WARN_UNDECLARED_SELECTOR = YES;
				GCC_WARN_UNINITIALIZED_AUTOS = YES_AGGRESSIVE;
				GCC_WARN_UNUSED_FUNCTION = YES;
				GCC_WARN_UNUSED_VARIABLE = YES;
				IPHONEOS_DEPLOYMENT_TARGET = 14.4;
				MTL_ENABLE_DEBUG_INFO = NO;
				MTL_FAST_MATH = YES;
				SDKROOT = iphoneos;
				SWIFT_COMPILATION_MODE = wholemodule;
				SWIFT_OPTIMIZATION_LEVEL = "-O";
				VALIDATE_PRODUCT = YES;
			};
			name = Release;
		};
		72E5C19227FA2EEC001528D2 /* Debug */ = {
			isa = XCBuildConfiguration;
			buildSettings = {
				ASSETCATALOG_COMPILER_APPICON_NAME = AppIcon;
				ASSETCATALOG_COMPILER_GLOBAL_ACCENT_COLOR_NAME = AccentColor;
				CODE_SIGN_STYLE = Automatic;
				DEVELOPMENT_ASSET_PATHS = "\"FilteringData/Preview Content\"";
				ENABLE_PREVIEWS = YES;
				INFOPLIST_FILE = FilteringData/Info.plist;
				IPHONEOS_DEPLOYMENT_TARGET = 15.0;
				LD_RUNPATH_SEARCH_PATHS = (
					"$(inherited)",
					"@executable_path/Frameworks",
				);
				PRODUCT_BUNDLE_IDENTIFIER = com.admin.test.FilteringData;
				PRODUCT_NAME = "$(TARGET_NAME)";
				SWIFT_VERSION = 5.0;
				TARGETED_DEVICE_FAMILY = "1,2";
			};
			name = Debug;
		};
		72E5C19327FA2EEC001528D2 /* Release */ = {
			isa = XCBuildConfiguration;
			buildSettings = {
				ASSETCATALOG_COMPILER_APPICON_NAME = AppIcon;
				ASSETCATALOG_COMPILER_GLOBAL_ACCENT_COLOR_NAME = AccentColor;
				CODE_SIGN_STYLE = Automatic;
				DEVELOPMENT_ASSET_PATHS = "\"FilteringData/Preview Content\"";
				ENABLE_PREVIEWS = YES;
				INFOPLIST_FILE = FilteringData/Info.plist;
				IPHONEOS_DEPLOYMENT_TARGET = 15.0;
				LD_RUNPATH_SEARCH_PATHS = (
					"$(inherited)",
					"@executable_path/Frameworks",
				);
				PRODUCT_BUNDLE_IDENTIFIER = com.admin.test.FilteringData;
				PRODUCT_NAME = "$(TARGET_NAME)";
				SWIFT_VERSION = 5.0;
				TARGETED_DEVICE_FAMILY = "1,2";
			};
			name = Release;
		};
/* End XCBuildConfiguration section */

/* Begin XCConfigurationList section */
		72E5C17D27FA2EE7001528D2 /* Build configuration list for PBXProject "FilteringData" */ = {
			isa = XCConfigurationList;
			buildConfigurations = (
				72E5C18F27FA2EEC001528D2 /* Debug */,
				72E5C19027FA2EEC001528D2 /* Release */,
			);
			defaultConfigurationIsVisible = 0;
			defaultConfigurationName = Release;
		};
		72E5C19127FA2EEC001528D2 /* Build configuration list for PBXNativeTarget "FilteringData" */ = {
			isa = XCConfigurationList;
			buildConfigurations = (
				72E5C19227FA2EEC001528D2 /* Debug */,
				72E5C19327FA2EEC001528D2 /* Release */,
			);
			defaultConfigurationIsVisible = 0;
			defaultConfigurationName = Release;
		};
/* End XCConfigurationList section */
	};
	rootObject = 72E5C17A27FA2EE7001528D2 /* Project object */;
}
